
Microsoft Visual Studio Solution File, Format Version 12.00
# Visual Studio Version 17
VisualStudioVersion = 17.8.34309.116
MinimumVisualStudioVersion = 10.0.40219.1
Project("{FAE04EC0-301F-11D3-BF4B-00C04F79EFBC}") = "Non_visual_components_Kouvshinoff", "Non_visual_components_Kouvshinoff\Non_visual_components_Kouvshinoff.csproj", "{AFC3F5AA-B25F-496B-8E37-52DE5DF8A24C}"
EndProject
Global
	GlobalSection(SolutionConfigurationPlatforms) = preSolution
		Debug|Any CPU = Debug|Any CPU
		Release|Any CPU = Release|Any CPU
	EndGlobalSection
	GlobalSection(ProjectConfigurationPlatforms) = postSolution
		{AFC3F5AA-B25F-496B-8E37-52DE5DF8A24C}.Debug|Any CPU.ActiveCfg = Debug|Any CPU
		{AFC3F5AA-B25F-496B-8E37-52DE5DF8A24C}.Debug|Any CPU.Build.0 = Debug|Any CPU
		{AFC3F5AA-B25F-496B-8E37-52DE5DF8A24C}.Release|Any CPU.ActiveCfg = Release|Any CPU
		{AFC3F5AA-B25F-496B-8E37-52DE5DF8A24C}.Release|Any CPU.Build.0 = Release|Any CPU
	EndGlobalSection
	GlobalSection(SolutionProperties) = preSolution
		HideSolutionNode = FALSE
	EndGlobalSection
	GlobalSection(ExtensibilityGlobals) = postSolution
		SolutionGuid = {17C39484-AFB0-469F-B2A9-563107D05832}
	EndGlobalSection
EndGlobal
